
Microsoft Visual Studio Solution File, Format Version 12.00
# Visual Studio Version 16
VisualStudioVersion = 16.0.32228.343
MinimumVisualStudioVersion = 10.0.40219.1
Project("{FAE04EC0-301F-11D3-BF4B-00C04F79EFBC}") = "HelloWebClient", "HelloWebClient\HelloWebClient.csproj", "{339F7163-9D9F-4D42-95A4-96A9016E7B2D}"
EndProject
Global
	GlobalSection(SolutionConfigurationPlatforms) = preSolution
		Debug|Any CPU = Debug|Any CPU
		Release|Any CPU = Release|Any CPU
	EndGlobalSection
	GlobalSection(ProjectConfigurationPlatforms) = postSolution
		{339F7163-9D9F-4D42-95A4-96A9016E7B2D}.Debug|Any CPU.ActiveCfg = Debug|Any CPU
		{339F7163-9D9F-4D42-95A4-96A9016E7B2D}.Debug|Any CPU.Build.0 = Debug|Any CPU
		{339F7163-9D9F-4D42-95A4-96A9016E7B2D}.Release|Any CPU.ActiveCfg = Release|Any CPU
		{339F7163-9D9F-4D42-95A4-96A9016E7B2D}.Release|Any CPU.Build.0 = Release|Any CPU
	EndGlobalSection
	GlobalSection(SolutionProperties) = preSolution
		HideSolutionNode = FALSE
	EndGlobalSection
	GlobalSection(ExtensibilityGlobals) = postSolution
		SolutionGuid = {E4C0128A-2975-4D11-9A2B-6D194D9F6A4B}
	EndGlobalSection
EndGlobal
